{
    "_meta": {
        "hash": {
            "sha256": "29b3e8d9b6b9c61589fbc686eac0e2156be9438b9f947b0a8ef7171a6352cc6c"
        },
        "pipfile-spec": 6,
        "requires": {
            "python_version": "3.8"
        },
        "sources": [
            {
                "name": "pypi",
                "url": "https://pypi.org/simple",
                "verify_ssl": true
            }
        ]
    },
    "default": {
        "fonttools": {
            "hashes": [
                "sha256:afd051129dd546f81534c1d08b4fc118c0307d614f6fc5145d2e3e76bcfb7513",
                "sha256:decdb2ff74f8ab69f0afb6898eeb0dd0b30e8764ee68e4cc35c0e1831621719d"
            ],
            "index": "pypi",
            "version": "==4.20.0"
        }
    },
    "develop": {}
}
