[[package]]
name = "appdirs"
version = "1.4.4"
description = "A small Python module for determining appropriate platform-specific dirs, e.g. a \"user data dir\"."
category = "dev"
optional = false
python-versions = "*"

[[package]]
name = "atomicwrites"
version = "1.4.0"
description = "Atomic file writes."
category = "dev"
optional = false
python-versions = ">=2.7, !=3.0.*, !=3.1.*, !=3.2.*, !=3.3.*"

[[package]]
name = "attrs"
version = "21.2.0"
description = "Classes Without Boilerplate"
category = "dev"
optional = false
python-versions = ">=2.7, !=3.0.*, !=3.1.*, !=3.2.*, !=3.3.*, !=3.4.*"

[package.extras]
dev = ["coverage[toml] (>=5.0.2)", "hypothesis", "pympler", "pytest (>=4.3.0)", "six", "mypy", "pytest-mypy-plugins", "zope.interface", "furo", "sphinx", "sphinx-notfound-page", "pre-commit"]
docs = ["furo", "sphinx", "zope.interface", "sphinx-notfound-page"]
tests = ["coverage[toml] (>=5.0.2)", "hypothesis", "pympler", "pytest (>=4.3.0)", "six", "mypy", "pytest-mypy-plugins", "zope.interface"]
tests_no_zope = ["coverage[toml] (>=5.0.2)", "hypothesis", "pympler", "pytest (>=4.3.0)", "six", "mypy", "pytest-mypy-plugins"]

[[package]]
name = "brotli"
version = "1.0.9"
description = "Python bindings for the Brotli compression library"
category = "main"
optional = false
python-versions = "*"

[[package]]
name = "brotlicffi"
version = "1.0.9.2"
description = "Python CFFI bindings to the Brotli library"
category = "main"
optional = false
python-versions = "*"

[package.dependencies]
cffi = ">=1.0.0"

[[package]]
name = "cffi"
version = "1.14.5"
description = "Foreign Function Interface for Python calling C code."
category = "main"
optional = false
python-versions = "*"

[package.dependencies]
pycparser = "*"

[[package]]
name = "colorama"
version = "0.4.4"
description = "Cross-platform colored terminal text."
category = "dev"
optional = false
python-versions = ">=2.7, !=3.0.*, !=3.1.*, !=3.2.*, !=3.3.*, !=3.4.*"

[[package]]
name = "distlib"
version = "0.3.2"
description = "Distribution utilities"
category = "dev"
optional = false
python-versions = "*"

[[package]]
name = "filelock"
version = "3.0.12"
description = "A platform independent file lock."
category = "dev"
optional = false
python-versions = "*"

[[package]]
name = "fonttools"
version = "4.24.4"
description = "Tools to manipulate font files"
category = "main"
optional = false
python-versions = ">=3.6"

[package.dependencies]
brotli = {version = ">=1.0.1", optional = true, markers = "platform_python_implementation == \"CPython\" and extra == \"woff\""}
brotlicffi = {version = ">=0.8.0", optional = true, markers = "platform_python_implementation != \"CPython\" and extra == \"woff\""}
zopfli = {version = ">=0.1.4", optional = true, markers = "extra == \"woff\""}

[package.extras]
all = ["fs (>=2.2.0,<3)", "lxml (>=4.0,<5)", "zopfli (>=0.1.4)", "lz4 (>=1.7.4.2)", "matplotlib", "sympy", "skia-pathops (>=0.5.0)", "brotlicffi (>=0.8.0)", "scipy", "brotli (>=1.0.1)", "munkres", "unicodedata2 (>=13.0.0)", "xattr"]
graphite = ["lz4 (>=1.7.4.2)"]
interpolatable = ["scipy", "munkres"]
lxml = ["lxml (>=4.0,<5)"]
pathops = ["skia-pathops (>=0.5.0)"]
plot = ["matplotlib"]
symfont = ["sympy"]
type1 = ["xattr"]
ufo = ["fs (>=2.2.0,<3)"]
unicode = ["unicodedata2 (>=13.0.0)"]
woff = ["zopfli (>=0.1.4)", "brotlicffi (>=0.8.0)", "brotli (>=1.0.1)"]

[[package]]
name = "iniconfig"
version = "1.1.1"
description = "iniconfig: brain-dead simple config-ini parsing"
category = "dev"
optional = false
python-versions = "*"

[[package]]
name = "packaging"
version = "20.9"
description = "Core utilities for Python packages"
category = "dev"
optional = false
python-versions = ">=2.7, !=3.0.*, !=3.1.*, !=3.2.*, !=3.3.*"

[package.dependencies]
pyparsing = ">=2.0.2"

[[package]]
name = "pluggy"
version = "0.13.1"
description = "plugin and hook calling mechanisms for python"
category = "dev"
optional = false
python-versions = ">=2.7, !=3.0.*, !=3.1.*, !=3.2.*, !=3.3.*"

[package.extras]
dev = ["pre-commit", "tox"]

[[package]]
name = "py"
version = "1.10.0"
description = "library with cross-python path, ini-parsing, io, code, log facilities"
category = "dev"
optional = false
python-versions = ">=2.7, !=3.0.*, !=3.1.*, !=3.2.*, !=3.3.*"

[[package]]
name = "pycparser"
version = "2.20"
description = "C parser in Python"
category = "main"
optional = false
python-versions = ">=2.7, !=3.0.*, !=3.1.*, !=3.2.*, !=3.3.*"

[[package]]
name = "pyparsing"
version = "2.4.7"
description = "Python parsing module"
category = "dev"
optional = false
python-versions = ">=2.6, !=3.0.*, !=3.1.*, !=3.2.*"

[[package]]
name = "pytest"
version = "6.2.4"
description = "pytest: simple powerful testing with Python"
category = "dev"
optional = false
python-versions = ">=3.6"

[package.dependencies]
atomicwrites = {version = ">=1.0", markers = "sys_platform == \"win32\""}
attrs = ">=19.2.0"
colorama = {version = "*", markers = "sys_platform == \"win32\""}
iniconfig = "*"
packaging = "*"
pluggy = ">=0.12,<1.0.0a1"
py = ">=1.8.2"
toml = "*"

[package.extras]
testing = ["argcomplete", "hypothesis (>=3.56)", "mock", "nose", "requests", "xmlschema"]

[[package]]
name = "pytest-asyncio"
version = "0.15.1"
description = "Pytest support for asyncio."
category = "dev"
optional = false
python-versions = ">= 3.6"

[package.dependencies]
pytest = ">=5.4.0"

[package.extras]
testing = ["coverage", "hypothesis (>=5.7.1)"]

[[package]]
name = "six"
version = "1.16.0"
description = "Python 2 and 3 compatibility utilities"
category = "dev"
optional = false
python-versions = ">=2.7, !=3.0.*, !=3.1.*, !=3.2.*"

[[package]]
name = "toml"
version = "0.10.2"
description = "Python Library for Tom's Obvious, Minimal Language"
category = "dev"
optional = false
python-versions = ">=2.6, !=3.0.*, !=3.1.*, !=3.2.*"

[[package]]
name = "tox"
version = "3.23.1"
description = "tox is a generic virtualenv management and test command line tool"
category = "dev"
optional = false
python-versions = "!=3.0.*,!=3.1.*,!=3.2.*,!=3.3.*,!=3.4.*,>=2.7"

[package.dependencies]
colorama = {version = ">=0.4.1", markers = "platform_system == \"Windows\""}
filelock = ">=3.0.0"
packaging = ">=14"
pluggy = ">=0.12.0"
py = ">=1.4.17"
six = ">=1.14.0"
toml = ">=0.9.4"
virtualenv = ">=16.0.0,<20.0.0 || >20.0.0,<20.0.1 || >20.0.1,<20.0.2 || >20.0.2,<20.0.3 || >20.0.3,<20.0.4 || >20.0.4,<20.0.5 || >20.0.5,<20.0.6 || >20.0.6,<20.0.7 || >20.0.7"

[package.extras]
docs = ["pygments-github-lexers (>=0.0.5)", "sphinx (>=2.0.0)", "sphinxcontrib-autoprogram (>=0.1.5)", "towncrier (>=18.5.0)"]
testing = ["flaky (>=3.4.0)", "freezegun (>=0.3.11)", "psutil (>=5.6.1)", "pytest (>=4.0.0)", "pytest-cov (>=2.5.1)", "pytest-mock (>=1.10.0)", "pytest-randomly (>=1.0.0)", "pytest-xdist (>=1.22.2)", "pathlib2 (>=2.3.3)"]

[[package]]
name = "uharfbuzz"
version = "0.9.1"
description = "Streamlined Cython bindings for the harfbuzz shaping engine"
category = "main"
optional = false
python-versions = ">=3.5"

[[package]]
name = "virtualenv"
version = "20.4.7"
description = "Virtual Python Environment builder"
category = "dev"
optional = false
python-versions = "!=3.0.*,!=3.1.*,!=3.2.*,!=3.3.*,>=2.7"

[package.dependencies]
appdirs = ">=1.4.3,<2"
distlib = ">=0.3.1,<1"
filelock = ">=3.0.0,<4"
six = ">=1.9.0,<2"

[package.extras]
docs = ["proselint (>=0.10.2)", "sphinx (>=3)", "sphinx-argparse (>=0.2.5)", "sphinx-rtd-theme (>=0.4.3)", "towncrier (>=19.9.0rc1)"]
testing = ["coverage (>=4)", "coverage-enable-subprocess (>=1)", "flaky (>=3)", "pytest (>=4)", "pytest-env (>=0.6.2)", "pytest-freezegun (>=0.4.1)", "pytest-mock (>=2)", "pytest-randomly (>=1)", "pytest-timeout (>=1)", "packaging (>=20.0)", "xonsh (>=0.9.16)"]

[[package]]
name = "yapf"
version = "0.31.0"
description = "A formatter for Python code."
category = "dev"
optional = false
python-versions = "*"

[[package]]
name = "zopfli"
version = "0.1.8"
description = "Zopfli module for python"
category = "main"
optional = false
python-versions = "*"

[metadata]
lock-version = "1.1"
python-versions = "^3.8"
content-hash = "806d5868ea9f905c1c22d7ede8e79d980900a546d2414d8db161cdf0809570bd"

[metadata.files]
appdirs = [
    {file = "appdirs-1.4.4-py2.py3-none-any.whl", hash = "sha256:a841dacd6b99318a741b166adb07e19ee71a274450e68237b4650ca1055ab128"},
    {file = "appdirs-1.4.4.tar.gz", hash = "sha256:7d5d0167b2b1ba821647616af46a749d1c653740dd0d2415100fe26e27afdf41"},
]
atomicwrites = [
    {file = "atomicwrites-1.4.0-py2.py3-none-any.whl", hash = "sha256:6d1784dea7c0c8d4a5172b6c620f40b6e4cbfdf96d783691f2e1302a7b88e197"},
    {file = "atomicwrites-1.4.0.tar.gz", hash = "sha256:ae70396ad1a434f9c7046fd2dd196fc04b12f9e91ffb859164193be8b6168a7a"},
]
attrs = [
    {file = "attrs-21.2.0-py2.py3-none-any.whl", hash = "sha256:149e90d6d8ac20db7a955ad60cf0e6881a3f20d37096140088356da6c716b0b1"},
    {file = "attrs-21.2.0.tar.gz", hash = "sha256:ef6aaac3ca6cd92904cdd0d83f629a15f18053ec84e6432106f7a4d04ae4f5fb"},
]
brotli = [
    {file = "Brotli-1.0.9-cp27-cp27m-macosx_10_9_x86_64.whl", hash = "sha256:268fe94547ba25b58ebc724680609c8ee3e5a843202e9a381f6f9c5e8bdb5c70"},
    {file = "Brotli-1.0.9-cp27-cp27m-manylinux1_i686.whl", hash = "sha256:c2415d9d082152460f2bd4e382a1e85aed233abc92db5a3880da2257dc7daf7b"},
    {file = "Brotli-1.0.9-cp27-cp27m-manylinux1_x86_64.whl", hash = "sha256:5913a1177fc36e30fcf6dc868ce23b0453952c78c04c266d3149b3d39e1410d6"},
    {file = "Brotli-1.0.9-cp27-cp27m-win32.whl", hash = "sha256:afde17ae04d90fbe53afb628f7f2d4ca022797aa093e809de5c3cf276f61bbfa"},
    {file = "Brotli-1.0.9-cp27-cp27mu-manylinux1_i686.whl", hash = "sha256:7cb81373984cc0e4682f31bc3d6be9026006d96eecd07ea49aafb06897746452"},
    {file = "Brotli-1.0.9-cp27-cp27mu-manylinux1_x86_64.whl", hash = "sha256:db844eb158a87ccab83e868a762ea8024ae27337fc7ddcbfcddd157f841fdfe7"},
    {file = "Brotli-1.0.9-cp35-cp35m-macosx_10_6_intel.whl", hash = "sha256:c83aa123d56f2e060644427a882a36b3c12db93727ad7a7b9efd7d7f3e9cc2c4"},
    {file = "Brotli-1.0.9-cp35-cp35m-manylinux1_i686.whl", hash = "sha256:6b2ae9f5f67f89aade1fab0f7fd8f2832501311c363a21579d02defa844d9296"},
    {file = "Brotli-1.0.9-cp35-cp35m-manylinux1_x86_64.whl", hash = "sha256:68715970f16b6e92c574c30747c95cf8cf62804569647386ff032195dc89a430"},
    {file = "Brotli-1.0.9-cp35-cp35m-win32.whl", hash = "sha256:defed7ea5f218a9f2336301e6fd379f55c655bea65ba2476346340a0ce6f74a1"},
    {file = "Brotli-1.0.9-cp35-cp35m-win_amd64.whl", hash = "sha256:88c63a1b55f352b02c6ffd24b15ead9fc0e8bf781dbe070213039324922a2eea"},
    {file = "Brotli-1.0.9-cp36-cp36m-macosx_10_9_x86_64.whl", hash = "sha256:503fa6af7da9f4b5780bb7e4cbe0c639b010f12be85d02c99452825dd0feef3f"},
    {file = "Brotli-1.0.9-cp36-cp36m-manylinux1_i686.whl", hash = "sha256:40d15c79f42e0a2c72892bf407979febd9cf91f36f495ffb333d1d04cebb34e4"},
    {file = "Brotli-1.0.9-cp36-cp36m-manylinux1_x86_64.whl", hash = "sha256:93130612b837103e15ac3f9cbacb4613f9e348b58b3aad53721d92e57f96d46a"},
    {file = "Brotli-1.0.9-cp36-cp36m-win32.whl", hash = "sha256:61a7ee1f13ab913897dac7da44a73c6d44d48a4adff42a5701e3239791c96e14"},
    {file = "Brotli-1.0.9-cp36-cp36m-win_amd64.whl", hash = "sha256:1c48472a6ba3b113452355b9af0a60da5c2ae60477f8feda8346f8fd48e3e87c"},
    {file = "Brotli-1.0.9-cp37-cp37m-macosx_10_9_x86_64.whl", hash = "sha256:3b78a24b5fd13c03ee2b7b86290ed20efdc95da75a3557cc06811764d5ad1126"},
    {file = "Brotli-1.0.9-cp37-cp37m-manylinux1_i686.whl", hash = "sha256:9d12cf2851759b8de8ca5fde36a59c08210a97ffca0eb94c532ce7b17c6a3d1d"},
    {file = "Brotli-1.0.9-cp37-cp37m-manylinux1_x86_64.whl", hash = "sha256:6c772d6c0a79ac0f414a9f8947cc407e119b8598de7621f39cacadae3cf57d12"},
    {file = "Brotli-1.0.9-cp37-cp37m-win32.whl", hash = "sha256:f909bbbc433048b499cb9db9e713b5d8d949e8c109a2a548502fb9aa8630f0b1"},
    {file = "Brotli-1.0.9-cp37-cp37m-win_amd64.whl", hash = "sha256:97f715cf371b16ac88b8c19da00029804e20e25f30d80203417255d239f228b5"},
    {file = "Brotli-1.0.9-cp38-cp38-macosx_10_9_x86_64.whl", hash = "sha256:160c78292e98d21e73a4cc7f76a234390e516afcd982fa17e1422f7c6a9ce9c8"},
    {file = "Brotli-1.0.9-cp38-cp38-manylinux1_i686.whl", hash = "sha256:b663f1e02de5d0573610756398e44c130add0eb9a3fc912a09665332942a2efb"},
    {file = "Brotli-1.0.9-cp38-cp38-manylinux1_x86_64.whl", hash = "sha256:5b6ef7d9f9c38292df3690fe3e302b5b530999fa90014853dcd0d6902fb59f26"},
    {file = "Brotli-1.0.9-cp38-cp38-win32.whl", hash = "sha256:35a3edbe18e876e596553c4007a087f8bcfd538f19bc116917b3c7522fca0429"},
    {file = "Brotli-1.0.9-cp38-cp38-win_amd64.whl", hash = "sha256:269a5743a393c65db46a7bb982644c67ecba4b8d91b392403ad8a861ba6f495f"},
    {file = "Brotli-1.0.9-cp39-cp39-macosx_10_9_x86_64.whl", hash = "sha256:5cb1e18167792d7d21e21365d7650b72d5081ed476123ff7b8cac7f45189c0c7"},
    {file = "Brotli-1.0.9-cp39-cp39-manylinux1_i686.whl", hash = "sha256:16d528a45c2e1909c2798f27f7bf0a3feec1dc9e50948e738b961618e38b6a7b"},
    {file = "Brotli-1.0.9-cp39-cp39-manylinux1_x86_64.whl", hash = "sha256:56d027eace784738457437df7331965473f2c0da2c70e1a1f6fdbae5402e0389"},
    {file = "Brotli-1.0.9-cp39-cp39-win32.whl", hash = "sha256:cfc391f4429ee0a9370aa93d812a52e1fee0f37a81861f4fdd1f4fb28e8547c3"},
    {file = "Brotli-1.0.9-cp39-cp39-win_amd64.whl", hash = "sha256:854c33dad5ba0fbd6ab69185fec8dab89e13cda6b7d191ba111987df74f38761"},
    {file = "Brotli-1.0.9.zip", hash = "sha256:4d1b810aa0ed773f81dceda2cc7b403d01057458730e309856356d4ef4188438"},
]
brotlicffi = [
    {file = "brotlicffi-1.0.9.2-cp27-cp27m-macosx_10_9_x86_64.whl", hash = "sha256:408ec4359f9763280d5c4e0ad29c51d1240b25fdd18719067e972163b4125b98"},
    {file = "brotlicffi-1.0.9.2-cp27-cp27m-manylinux1_i686.whl", hash = "sha256:2e4629f7690ded66c8818715c6d4dd6a7ff6a4f10fad6186fe99850f781ce210"},
    {file = "brotlicffi-1.0.9.2-cp27-cp27m-manylinux1_x86_64.whl", hash = "sha256:137c4635edcdf593de5ce9d0daa596bf499591b16b8fca5fd72a490deb54b2ee"},
    {file = "brotlicffi-1.0.9.2-cp27-cp27m-manylinux2010_i686.whl", hash = "sha256:af8a1b7bcfccf9c41a3c8654994d6a81821fdfe4caddcfe5045bfda936546ca3"},
    {file = "brotlicffi-1.0.9.2-cp27-cp27m-manylinux2010_x86_64.whl", hash = "sha256:9078432af4785f35ab3840587eed7fb131e3fc77eb2a739282b649b343c584dd"},
    {file = "brotlicffi-1.0.9.2-cp27-cp27mu-manylinux1_i686.whl", hash = "sha256:7bb913d5bf3b4ce2ec59872711dc9faaff5f320c3c3827cada2d8a7b793a7753"},
    {file = "brotlicffi-1.0.9.2-cp27-cp27mu-manylinux1_x86_64.whl", hash = "sha256:16a0c9392a1059e2e62839fbd037d2e7e03c8ae5da65e9746f582464f7fab1bb"},
    {file = "brotlicffi-1.0.9.2-cp27-cp27mu-manylinux2010_i686.whl", hash = "sha256:94d2810efc5723f1447b332223b197466190518a3eeca93b9f357efb5b22c6dc"},
    {file = "brotlicffi-1.0.9.2-cp27-cp27mu-manylinux2010_x86_64.whl", hash = "sha256:9e70f3e20f317d70912b10dbec48b29114d3dbd0e9d88475cb328e6c086f0546"},
    {file = "brotlicffi-1.0.9.2-cp35-abi3-macosx_10_9_x86_64.whl", hash = "sha256:586f0ea3c2eed455d5f2330b9ab4a591514c8de0ee53d445645efcfbf053c69f"},
    {file = "brotlicffi-1.0.9.2-cp35-abi3-manylinux1_i686.whl", hash = "sha256:4454c3baedc277fd6e65f983e3eb8e77f4bc15060f69370a0201746e2edeca81"},
    {file = "brotlicffi-1.0.9.2-cp35-abi3-manylinux1_x86_64.whl", hash = "sha256:52c1c12dad6eb1d44213a0a76acf5f18f64653bd801300bef5e2f983405bdde5"},
    {file = "brotlicffi-1.0.9.2-cp35-abi3-manylinux2010_i686.whl", hash = "sha256:21cd400d24b344c218d8e32b394849e31b7c15784667575dbda9f65c46a64b0a"},
    {file = "brotlicffi-1.0.9.2-cp35-abi3-manylinux2010_x86_64.whl", hash = "sha256:71061f8bc86335b652e442260c4367b782a92c6e295cf5a10eff84c7d19d8cf5"},
    {file = "brotlicffi-1.0.9.2-cp35-abi3-manylinux2014_aarch64.whl", hash = "sha256:15e0db52c56056be6310fc116b3d7c6f34185594e261f23790b2fb6489998363"},
    {file = "brotlicffi-1.0.9.2-cp35-abi3-win32.whl", hash = "sha256:551305703d12a2dd1ae43d3dde35dee20b1cb49b5796279d4d34e2c6aec6be4d"},
    {file = "brotlicffi-1.0.9.2-cp35-abi3-win_amd64.whl", hash = "sha256:2be4fb8a7cb482f226af686cd06d2a2cab164ccdf99e460f8e3a5ec9a5337da2"},
    {file = "brotlicffi-1.0.9.2-pp27-pypy_73-macosx_10_9_x86_64.whl", hash = "sha256:8e7221d8a084d32d15c7b58e0ce0573972375c5038423dbe83f217cfe512e680"},
    {file = "brotlicffi-1.0.9.2-pp27-pypy_73-manylinux1_x86_64.whl", hash = "sha256:75a46bc5ed2753e1648cc211dcb2c1ac66116038766822dc104023f67ff4dfd8"},
    {file = "brotlicffi-1.0.9.2-pp27-pypy_73-manylinux2010_x86_64.whl", hash = "sha256:1e27c43ef72a278f9739b12b2df80ee72048cd4cbe498f8bbe08aaaa67a5d5c8"},
    {file = "brotlicffi-1.0.9.2-pp27-pypy_73-win32.whl", hash = "sha256:feb942814285bdc5e97efc77a04e48283c17dfab9ea082d79c0a7b9e53ef1eab"},
    {file = "brotlicffi-1.0.9.2-pp36-pypy36_pp73-macosx_10_9_x86_64.whl", hash = "sha256:a6208d82c3172eeeb3be83ed4efd5831552c7cd47576468e50fcf0fb23fcf97f"},
    {file = "brotlicffi-1.0.9.2-pp36-pypy36_pp73-manylinux1_x86_64.whl", hash = "sha256:408c810c599786fb806556ff17e844a903884e6370ca400bcec7fa286149f39c"},
    {file = "brotlicffi-1.0.9.2-pp36-pypy36_pp73-manylinux2010_x86_64.whl", hash = "sha256:a73099858ee343e8801710a08be8d194f47715ff21e98d92a19ac461058f52d1"},
    {file = "brotlicffi-1.0.9.2-pp36-pypy36_pp73-win32.whl", hash = "sha256:916b790f967a18a595e61f218c252f83718ac91f24157d622cf0fa710cd26ab7"},
    {file = "brotlicffi-1.0.9.2-pp37-pypy37_pp73-macosx_10_9_x86_64.whl", hash = "sha256:ba4a00263af40e875ec3d6c7f623cbf8c795b55705da18c64ec36b6bf0848bc5"},
    {file = "brotlicffi-1.0.9.2-pp37-pypy37_pp73-manylinux1_x86_64.whl", hash = "sha256:df78aa47741122b0d5463f1208b7bb18bc9706dee5152d9f56e0ead4865015cd"},
    {file = "brotlicffi-1.0.9.2-pp37-pypy37_pp73-manylinux2010_x86_64.whl", hash = "sha256:9030cd5099252d16bfa4e22659c84a89c102e94f8e81d30764788b72e2d7cfb7"},
    {file = "brotlicffi-1.0.9.2-pp37-pypy37_pp73-win32.whl", hash = "sha256:7e72978f4090a161885b114f87b784f538dcb77dafc6602592c1cf39ae8d243d"},
    {file = "brotlicffi-1.0.9.2.tar.gz", hash = "sha256:0c248a68129d8fc6a217767406c731e498c3e19a7be05ea0a90c3c86637b7d96"},
]
cffi = [
    {file = "cffi-1.14.5-cp27-cp27m-macosx_10_9_x86_64.whl", hash = "sha256:bb89f306e5da99f4d922728ddcd6f7fcebb3241fc40edebcb7284d7514741991"},
    {file = "cffi-1.14.5-cp27-cp27m-manylinux1_i686.whl", hash = "sha256:34eff4b97f3d982fb93e2831e6750127d1355a923ebaeeb565407b3d2f8d41a1"},
    {file = "cffi-1.14.5-cp27-cp27m-manylinux1_x86_64.whl", hash = "sha256:99cd03ae7988a93dd00bcd9d0b75e1f6c426063d6f03d2f90b89e29b25b82dfa"},
    {file = "cffi-1.14.5-cp27-cp27m-win32.whl", hash = "sha256:65fa59693c62cf06e45ddbb822165394a288edce9e276647f0046e1ec26920f3"},
    {file = "cffi-1.14.5-cp27-cp27m-win_amd64.whl", hash = "sha256:51182f8927c5af975fece87b1b369f722c570fe169f9880764b1ee3bca8347b5"},
    {file = "cffi-1.14.5-cp27-cp27mu-manylinux1_i686.whl", hash = "sha256:43e0b9d9e2c9e5d152946b9c5fe062c151614b262fda2e7b201204de0b99e482"},
    {file = "cffi-1.14.5-cp27-cp27mu-manylinux1_x86_64.whl", hash = "sha256:cbde590d4faaa07c72bf979734738f328d239913ba3e043b1e98fe9a39f8b2b6"},
    {file = "cffi-1.14.5-cp35-cp35m-macosx_10_9_x86_64.whl", hash = "sha256:5de7970188bb46b7bf9858eb6890aad302577a5f6f75091fd7cdd3ef13ef3045"},
    {file = "cffi-1.14.5-cp35-cp35m-manylinux1_i686.whl", hash = "sha256:a465da611f6fa124963b91bf432d960a555563efe4ed1cc403ba5077b15370aa"},
    {file = "cffi-1.14.5-cp35-cp35m-manylinux1_x86_64.whl", hash = "sha256:d42b11d692e11b6634f7613ad8df5d6d5f8875f5d48939520d351007b3c13406"},
    {file = "cffi-1.14.5-cp35-cp35m-win32.whl", hash = "sha256:72d8d3ef52c208ee1c7b2e341f7d71c6fd3157138abf1a95166e6165dd5d4369"},
    {file = "cffi-1.14.5-cp35-cp35m-win_amd64.whl", hash = "sha256:29314480e958fd8aab22e4a58b355b629c59bf5f2ac2492b61e3dc06d8c7a315"},
    {file = "cffi-1.14.5-cp36-cp36m-macosx_10_9_x86_64.whl", hash = "sha256:3d3dd4c9e559eb172ecf00a2a7517e97d1e96de2a5e610bd9b68cea3925b4892"},
    {file = "cffi-1.14.5-cp36-cp36m-manylinux1_i686.whl", hash = "sha256:48e1c69bbacfc3d932221851b39d49e81567a4d4aac3b21258d9c24578280058"},
    {file = "cffi-1.14.5-cp36-cp36m-manylinux1_x86_64.whl", hash = "sha256:69e395c24fc60aad6bb4fa7e583698ea6cc684648e1ffb7fe85e3c1ca131a7d5"},
    {file = "cffi-1.14.5-cp36-cp36m-manylinux2014_aarch64.whl", hash = "sha256:9e93e79c2551ff263400e1e4be085a1210e12073a31c2011dbbda14bda0c6132"},
    {file = "cffi-1.14.5-cp36-cp36m-win32.whl", hash = "sha256:58e3f59d583d413809d60779492342801d6e82fefb89c86a38e040c16883be53"},
    {file = "cffi-1.14.5-cp36-cp36m-win_amd64.whl", hash = "sha256:005a36f41773e148deac64b08f233873a4d0c18b053d37da83f6af4d9087b813"},
    {file = "cffi-1.14.5-cp37-cp37m-macosx_10_9_x86_64.whl", hash = "sha256:2894f2df484ff56d717bead0a5c2abb6b9d2bf26d6960c4604d5c48bbc30ee73"},
    {file = "cffi-1.14.5-cp37-cp37m-manylinux1_i686.whl", hash = "sha256:0857f0ae312d855239a55c81ef453ee8fd24136eaba8e87a2eceba644c0d4c06"},
    {file = "cffi-1.14.5-cp37-cp37m-manylinux1_x86_64.whl", hash = "sha256:cd2868886d547469123fadc46eac7ea5253ea7fcb139f12e1dfc2bbd406427d1"},
    {file = "cffi-1.14.5-cp37-cp37m-manylinux2014_aarch64.whl", hash = "sha256:35f27e6eb43380fa080dccf676dece30bef72e4a67617ffda586641cd4508d49"},
    {file = "cffi-1.14.5-cp37-cp37m-win32.whl", hash = "sha256:9ff227395193126d82e60319a673a037d5de84633f11279e336f9c0f189ecc62"},
    {file = "cffi-1.14.5-cp37-cp37m-win_amd64.whl", hash = "sha256:9cf8022fb8d07a97c178b02327b284521c7708d7c71a9c9c355c178ac4bbd3d4"},
    {file = "cffi-1.14.5-cp38-cp38-macosx_10_9_x86_64.whl", hash = "sha256:8b198cec6c72df5289c05b05b8b0969819783f9418e0409865dac47288d2a053"},
    {file = "cffi-1.14.5-cp38-cp38-manylinux1_i686.whl", hash = "sha256:ad17025d226ee5beec591b52800c11680fca3df50b8b29fe51d882576e039ee0"},
    {file = "cffi-1.14.5-cp38-cp38-manylinux1_x86_64.whl", hash = "sha256:6c97d7350133666fbb5cf4abdc1178c812cb205dc6f41d174a7b0f18fb93337e"},
    {file = "cffi-1.14.5-cp38-cp38-manylinux2014_aarch64.whl", hash = "sha256:8ae6299f6c68de06f136f1f9e69458eae58f1dacf10af5c17353eae03aa0d827"},
    {file = "cffi-1.14.5-cp38-cp38-win32.whl", hash = "sha256:b85eb46a81787c50650f2392b9b4ef23e1f126313b9e0e9013b35c15e4288e2e"},
    {file = "cffi-1.14.5-cp38-cp38-win_amd64.whl", hash = "sha256:1f436816fc868b098b0d63b8920de7d208c90a67212546d02f84fe78a9c26396"},
    {file = "cffi-1.14.5-cp39-cp39-macosx_10_9_x86_64.whl", hash = "sha256:1071534bbbf8cbb31b498d5d9db0f274f2f7a865adca4ae429e147ba40f73dea"},
    {file = "cffi-1.14.5-cp39-cp39-manylinux1_i686.whl", hash = "sha256:9de2e279153a443c656f2defd67769e6d1e4163952b3c622dcea5b08a6405322"},
    {file = "cffi-1.14.5-cp39-cp39-manylinux1_x86_64.whl", hash = "sha256:6e4714cc64f474e4d6e37cfff31a814b509a35cb17de4fb1999907575684479c"},
    {file = "cffi-1.14.5-cp39-cp39-manylinux2014_aarch64.whl", hash = "sha256:158d0d15119b4b7ff6b926536763dc0714313aa59e320ddf787502c70c4d4bee"},
    {file = "cffi-1.14.5-cp39-cp39-win32.whl", hash = "sha256:afb29c1ba2e5a3736f1c301d9d0abe3ec8b86957d04ddfa9d7a6a42b9367e396"},
    {file = "cffi-1.14.5-cp39-cp39-win_amd64.whl", hash = "sha256:f2d45f97ab6bb54753eab54fffe75aaf3de4ff2341c9daee1987ee1837636f1d"},
    {file = "cffi-1.14.5.tar.gz", hash = "sha256:fd78e5fee591709f32ef6edb9a015b4aa1a5022598e36227500c8f4e02328d9c"},
]
colorama = [
    {file = "colorama-0.4.4-py2.py3-none-any.whl", hash = "sha256:9f47eda37229f68eee03b24b9748937c7dc3868f906e8ba69fbcbdd3bc5dc3e2"},
    {file = "colorama-0.4.4.tar.gz", hash = "sha256:5941b2b48a20143d2267e95b1c2a7603ce057ee39fd88e7329b0c292aa16869b"},
]
distlib = [
    {file = "distlib-0.3.2-py2.py3-none-any.whl", hash = "sha256:23e223426b28491b1ced97dc3bbe183027419dfc7982b4fa2f05d5f3ff10711c"},
    {file = "distlib-0.3.2.zip", hash = "sha256:106fef6dc37dd8c0e2c0a60d3fca3e77460a48907f335fa28420463a6f799736"},
]
filelock = [
    {file = "filelock-3.0.12-py3-none-any.whl", hash = "sha256:929b7d63ec5b7d6b71b0fa5ac14e030b3f70b75747cef1b10da9b879fef15836"},
    {file = "filelock-3.0.12.tar.gz", hash = "sha256:18d82244ee114f543149c66a6e0c14e9c4f8a1044b5cdaadd0f82159d6a6ff59"},
]
fonttools = [
    {file = "fonttools-4.24.4-py3-none-any.whl", hash = "sha256:1a3938882505445e4cb9f47d0ec13b6401f003017c657d85f5b791d764714f16"},
    {file = "fonttools-4.24.4.zip", hash = "sha256:df7fab667b039cd2a00a1fffcba73a32b2c630ef2a12ab7069ef6df5333f20c3"},
]
iniconfig = [
    {file = "iniconfig-1.1.1-py2.py3-none-any.whl", hash = "sha256:011e24c64b7f47f6ebd835bb12a743f2fbe9a26d4cecaa7f53bc4f35ee9da8b3"},
    {file = "iniconfig-1.1.1.tar.gz", hash = "sha256:bc3af051d7d14b2ee5ef9969666def0cd1a000e121eaea580d4a313df4b37f32"},
]
packaging = [
    {file = "packaging-20.9-py2.py3-none-any.whl", hash = "sha256:67714da7f7bc052e064859c05c595155bd1ee9f69f76557e21f051443c20947a"},
    {file = "packaging-20.9.tar.gz", hash = "sha256:5b327ac1320dc863dca72f4514ecc086f31186744b84a230374cc1fd776feae5"},
]
pluggy = [
    {file = "pluggy-0.13.1-py2.py3-none-any.whl", hash = "sha256:966c145cd83c96502c3c3868f50408687b38434af77734af1e9ca461a4081d2d"},
    {file = "pluggy-0.13.1.tar.gz", hash = "sha256:15b2acde666561e1298d71b523007ed7364de07029219b604cf808bfa1c765b0"},
]
py = [
    {file = "py-1.10.0-py2.py3-none-any.whl", hash = "sha256:3b80836aa6d1feeaa108e046da6423ab8f6ceda6468545ae8d02d9d58d18818a"},
    {file = "py-1.10.0.tar.gz", hash = "sha256:21b81bda15b66ef5e1a777a21c4dcd9c20ad3efd0b3f817e7a809035269e1bd3"},
]
pycparser = [
    {file = "pycparser-2.20-py2.py3-none-any.whl", hash = "sha256:7582ad22678f0fcd81102833f60ef8d0e57288b6b5fb00323d101be910e35705"},
    {file = "pycparser-2.20.tar.gz", hash = "sha256:2d475327684562c3a96cc71adf7dc8c4f0565175cf86b6d7a404ff4c771f15f0"},
]
pyparsing = [
    {file = "pyparsing-2.4.7-py2.py3-none-any.whl", hash = "sha256:ef9d7589ef3c200abe66653d3f1ab1033c3c419ae9b9bdb1240a85b024efc88b"},
    {file = "pyparsing-2.4.7.tar.gz", hash = "sha256:c203ec8783bf771a155b207279b9bccb8dea02d8f0c9e5f8ead507bc3246ecc1"},
]
pytest = [
    {file = "pytest-6.2.4-py3-none-any.whl", hash = "sha256:91ef2131a9bd6be8f76f1f08eac5c5317221d6ad1e143ae03894b862e8976890"},
    {file = "pytest-6.2.4.tar.gz", hash = "sha256:50bcad0a0b9c5a72c8e4e7c9855a3ad496ca6a881a3641b4260605450772c54b"},
]
pytest-asyncio = [
    {file = "pytest-asyncio-0.15.1.tar.gz", hash = "sha256:2564ceb9612bbd560d19ca4b41347b54e7835c2f792c504f698e05395ed63f6f"},
    {file = "pytest_asyncio-0.15.1-py3-none-any.whl", hash = "sha256:3042bcdf1c5d978f6b74d96a151c4cfb9dcece65006198389ccd7e6c60eb1eea"},
]
six = [
    {file = "six-1.16.0-py2.py3-none-any.whl", hash = "sha256:8abb2f1d86890a2dfb989f9a77cfcfd3e47c2a354b01111771326f8aa26e0254"},
    {file = "six-1.16.0.tar.gz", hash = "sha256:1e61c37477a1626458e36f7b1d82aa5c9b094fa4802892072e49de9c60c4c926"},
]
toml = [
    {file = "toml-0.10.2-py2.py3-none-any.whl", hash = "sha256:806143ae5bfb6a3c6e736a764057db0e6a0e05e338b5630894a5f779cabb4f9b"},
    {file = "toml-0.10.2.tar.gz", hash = "sha256:b3bda1d108d5dd99f4a20d24d9c348e91c4db7ab1b749200bded2f839ccbe68f"},
]
tox = [
    {file = "tox-3.23.1-py2.py3-none-any.whl", hash = "sha256:b0b5818049a1c1997599d42012a637a33f24c62ab8187223fdd318fa8522637b"},
    {file = "tox-3.23.1.tar.gz", hash = "sha256:307a81ddb82bd463971a273f33e9533a24ed22185f27db8ce3386bff27d324e3"},
]
uharfbuzz = [
    {file = "uharfbuzz-0.9.1-cp36-cp36m-macosx_10_9_x86_64.whl", hash = "sha256:2838892cf54d546176527cb435def71353003e2c8be96e8f9d1900332c20bdd3"},
    {file = "uharfbuzz-0.9.1-cp36-cp36m-manylinux1_x86_64.whl", hash = "sha256:362f7d4e9e2c69871b141a9f062c3641ef638583bda0ae6b6cbcc1d49c2630c2"},
    {file = "uharfbuzz-0.9.1-cp36-cp36m-manylinux2010_x86_64.whl", hash = "sha256:d5e736142b9a6efed052e37f42bc93360e8fb12f36cd64905156fe26ac44d592"},
    {file = "uharfbuzz-0.9.1-cp36-cp36m-win32.whl", hash = "sha256:67e7f25e503198b6a51b207799ca610129ea057995bf36c983cee64b5fa302ac"},
    {file = "uharfbuzz-0.9.1-cp36-cp36m-win_amd64.whl", hash = "sha256:ff182f7e87e8f0e9c5f3259b2506e03cd457ddf974ecfc9133ce35a67ba4e11e"},
    {file = "uharfbuzz-0.9.1-cp37-cp37m-macosx_10_9_x86_64.whl", hash = "sha256:428e741ec0292924f16cb51cc34b56af7a839efaa86234e11c4095315a2aa004"},
    {file = "uharfbuzz-0.9.1-cp37-cp37m-manylinux1_x86_64.whl", hash = "sha256:8636ce2638b1dc32fd90fca20c9f86a39085c69f4cb2218df3c8c2c0b334ed94"},
    {file = "uharfbuzz-0.9.1-cp37-cp37m-manylinux2010_x86_64.whl", hash = "sha256:91c6e53d32daa321843ab1de354a046c45190f6612a08a96f0ac3954104e46c3"},
    {file = "uharfbuzz-0.9.1-cp37-cp37m-win32.whl", hash = "sha256:ad852be16c96e499fd03aede7fb0b96c59c325adf490d49ea7687ee8a392dbc5"},
    {file = "uharfbuzz-0.9.1-cp37-cp37m-win_amd64.whl", hash = "sha256:7dd0183bed097edef096e1fa8eee8db10a1f80edceea5a8da0592b861281a496"},
    {file = "uharfbuzz-0.9.1-cp38-cp38-macosx_10_9_x86_64.whl", hash = "sha256:f33a82f32456cfc45f4e4dd4b3d6bd2d4f214cf59a635f70e2ab707cf115ca7c"},
    {file = "uharfbuzz-0.9.1-cp38-cp38-manylinux1_x86_64.whl", hash = "sha256:9b62eefb8429833bda45ea42cdcb1538b6dd7ef5324b3e1f0c49b5b3ca29f857"},
    {file = "uharfbuzz-0.9.1-cp38-cp38-manylinux2010_x86_64.whl", hash = "sha256:3aa5715e0527554fb133997563598d47f947e6fa3c882e2cbcac93ad1329894c"},
    {file = "uharfbuzz-0.9.1-cp38-cp38-win32.whl", hash = "sha256:3090fc5101618195db9f85c8fcb981357c436859200eb440c821dd80593ed406"},
    {file = "uharfbuzz-0.9.1-cp38-cp38-win_amd64.whl", hash = "sha256:1734922f6259559c804b46799d97bad85c6be483d4edb2aad2075ec85e4fae2b"},
    {file = "uharfbuzz-0.9.1.zip", hash = "sha256:55914dc683b21cd0b0dc8f54c4d30b501d2ba663fdfffb31c17c6c645b83b7a0"},
]
virtualenv = [
    {file = "virtualenv-20.4.7-py2.py3-none-any.whl", hash = "sha256:2b0126166ea7c9c3661f5b8e06773d28f83322de7a3ff7d06f0aed18c9de6a76"},
    {file = "virtualenv-20.4.7.tar.gz", hash = "sha256:14fdf849f80dbb29a4eb6caa9875d476ee2a5cf76a5f5415fa2f1606010ab467"},
]
yapf = [
    {file = "yapf-0.31.0-py2.py3-none-any.whl", hash = "sha256:e3a234ba8455fe201eaa649cdac872d590089a18b661e39bbac7020978dd9c2e"},
    {file = "yapf-0.31.0.tar.gz", hash = "sha256:408fb9a2b254c302f49db83c59f9aa0b4b0fd0ec25be3a5c51181327922ff63d"},
]
zopfli = [
    {file = "zopfli-0.1.8-cp27-cp27m-macosx_10_9_x86_64.whl", hash = "sha256:d813243570ad232bfd082b52548f37963af29e72f8e98ba168979f8f2812afae"},
    {file = "zopfli-0.1.8-cp27-cp27m-manylinux1_i686.whl", hash = "sha256:cb01c42c7636ba65e9e25d0659df5ce71ffc48c292170e9c1203ed255f5ec74a"},
    {file = "zopfli-0.1.8-cp27-cp27m-manylinux1_x86_64.whl", hash = "sha256:6604a84dbe055a52628b793bd36f760fcd38424abf042ad7a643a7599c09065d"},
    {file = "zopfli-0.1.8-cp27-cp27m-win32.whl", hash = "sha256:be2f6cb8b80fc9b5b10a4ed2b7b56f0afac5dbd0d08590d62f0d6ea51f6533e7"},
    {file = "zopfli-0.1.8-cp27-cp27m-win_amd64.whl", hash = "sha256:2d0bbbb8266a88432c9e332093990cf72878eddf6dc78332d46e80f60b8a3a9f"},
    {file = "zopfli-0.1.8-cp27-cp27mu-manylinux1_i686.whl", hash = "sha256:d913589d7b98c965da3ba10e851506ece0dbd8aa098429a6496d863f71c2b3fd"},
    {file = "zopfli-0.1.8-cp27-cp27mu-manylinux1_x86_64.whl", hash = "sha256:c010874adb526cfb022d0be8012e24ce5b83f8306c1b86d8886f8b29ffd5e625"},
    {file = "zopfli-0.1.8-cp36-cp36m-macosx_10_9_x86_64.whl", hash = "sha256:a554867379ed9bbdad434e383f646c7294c8a74b602b30887b88f9479129f81d"},
    {file = "zopfli-0.1.8-cp36-cp36m-manylinux1_i686.whl", hash = "sha256:fe89cf31b2bf4456b7265f48ecb3b91bfdedd1e63714a3bae37157c205f439e9"},
    {file = "zopfli-0.1.8-cp36-cp36m-manylinux1_x86_64.whl", hash = "sha256:be2c5588e6e4c608f95eafac1bd44079e665e86505a9ea53311989ecb7befc9c"},
    {file = "zopfli-0.1.8-cp36-cp36m-win32.whl", hash = "sha256:c5b27c9293f87e37ce857f2b7adb89cb3e6dd45683f63f5188b763cdee78bab7"},
    {file = "zopfli-0.1.8-cp36-cp36m-win_amd64.whl", hash = "sha256:b24c6f0515e763b438e4fb4f94cc618f507dde750b600a02bb5b6028683168a7"},
    {file = "zopfli-0.1.8-cp37-cp37m-macosx_10_9_x86_64.whl", hash = "sha256:b3b2249a5bb750136f26a3482b95653d44d274bff24b0e80aa6671cd86f5b9ba"},
    {file = "zopfli-0.1.8-cp37-cp37m-manylinux1_i686.whl", hash = "sha256:c1e7b6d6be03af37a5ef828a671db8416d465511d63b4f2da43cc11f9c028402"},
    {file = "zopfli-0.1.8-cp37-cp37m-manylinux1_x86_64.whl", hash = "sha256:874c3c291ddc494151d2d3aadf5d0aa28855bb091c96b3926a2ac94e07de08f0"},
    {file = "zopfli-0.1.8-cp37-cp37m-win32.whl", hash = "sha256:50dde491abc6f74460ffc1b455d6ac5f0a387e58d7323a3247fef43414d1c5fb"},
    {file = "zopfli-0.1.8-cp37-cp37m-win_amd64.whl", hash = "sha256:2002fe515c5f27b02d93f3204a0b6eb11dec29c29147a2ecb9f9f191d36aa426"},
    {file = "zopfli-0.1.8-cp38-cp38-macosx_10_9_x86_64.whl", hash = "sha256:f4e595bac3dbfec797684fdd2686d98440843918e27cfa507df6b59ab7b33d09"},
    {file = "zopfli-0.1.8-cp38-cp38-manylinux1_i686.whl", hash = "sha256:5eab189be51cb57abff70ef83504bf617160a45513641cacb2f79141d81e05ab"},
    {file = "zopfli-0.1.8-cp38-cp38-manylinux1_x86_64.whl", hash = "sha256:8a4b2131a8736aa7877e8c008c63b0640624e672c2756dbeea6e231da426ec38"},
    {file = "zopfli-0.1.8-cp38-cp38-win32.whl", hash = "sha256:8b0c9ead3c78255e80426189a2a0635c51b2c3a34b479bf9bce29ea0758d159c"},
    {file = "zopfli-0.1.8-cp38-cp38-win_amd64.whl", hash = "sha256:c756f4fa24c1140a814506bddbf93e37c6702c433eb9aaf582f35592c56b9a1e"},
    {file = "zopfli-0.1.8-cp39-cp39-macosx_10_9_x86_64.whl", hash = "sha256:3bcdc372e77d67742fba8c7050d7849c46d140fefce28fc6dca18cc79e88e7c9"},
    {file = "zopfli-0.1.8-cp39-cp39-manylinux1_i686.whl", hash = "sha256:5227f7622e5fd16ea6b54e2b4dcf9a668847cddef953ec7a73e6e61c21fa91ef"},
    {file = "zopfli-0.1.8-cp39-cp39-manylinux1_x86_64.whl", hash = "sha256:774efff28da20be478f4a72ea3dfacf72332ef4f16dbfddfbe84e6b3db4e1711"},
    {file = "zopfli-0.1.8-cp39-cp39-win32.whl", hash = "sha256:f2999d9f8edea7e38e5b7f81eb867e3b8a8fa3efbe3f9d85927367b91d466b82"},
    {file = "zopfli-0.1.8-cp39-cp39-win_amd64.whl", hash = "sha256:520ad50a06d95ca2e6989b0e336801d62085dfe64be6ae74c4673e86c57f7502"},
    {file = "zopfli-0.1.8.zip", hash = "sha256:8b977dc07e3797907ab59e08096583bcd0b7e6c739849fbbeec09263f6356623"},
]
